# This file is automatically @generated by Cargo.
# It is not intended for manual editing.
version = 4

[[package]]
name = "libc"
version = "0.2.186"
source = "registry+https://github.com/rust-lang/crates.io-index"
checksum = "68ab91017fe16c622486840e4c83c9a37afeff978bd239b5293d61ece587de66"

[[package]]
name = "pilisp"
version = "2.2.0"
source = "git+https://github.com/pi-lisp/pi-lisp#c9760a146f40cc0572bbeda73a54ad3fb13c6f4c"
dependencies = [
 "libc",
]

[[package]]
name = "spica"
version = "0.1.0"
dependencies = [
 "libc",
 "pilisp",
]
